
Microsoft Visual Studio Solution File, Format Version 12.00
# Visual Studio Version 16
VisualStudioVersion = 16.0.30114.105
MinimumVisualStudioVersion = 10.0.40219.1
Project("{FAE04EC0-301F-11D3-BF4B-00C04F79EFBC}") = "Test1", "Test1.csproj", "{8DDD0577-F6D9-43DA-AA01-2EC75E879F6A}"
EndProject
Global
	GlobalSection(SolutionConfigurationPlatforms) = preSolution
		Debug|Any CPU = Debug|Any CPU
		Release|Any CPU = Release|Any CPU
	EndGlobalSection
	GlobalSection(ProjectConfigurationPlatforms) = postSolution
		{8DDD0577-F6D9-43DA-AA01-2EC75E879F6A}.Debug|Any CPU.ActiveCfg = Debug|Any CPU
		{8DDD0577-F6D9-43DA-AA01-2EC75E879F6A}.Debug|Any CPU.Build.0 = Debug|Any CPU
		{8DDD0577-F6D9-43DA-AA01-2EC75E879F6A}.Release|Any CPU.ActiveCfg = Release|Any CPU
		{8DDD0577-F6D9-43DA-AA01-2EC75E879F6A}.Release|Any CPU.Build.0 = Release|Any CPU
	EndGlobalSection
	GlobalSection(SolutionProperties) = preSolution
		HideSolutionNode = FALSE
	EndGlobalSection
	GlobalSection(ExtensibilityGlobals) = postSolution
		SolutionGuid = {234CDD0B-3AAD-4B08-BC9D-4335E55BEF5D}
	EndGlobalSection
EndGlobal
